
Microsoft Visual Studio Solution File, Format Version 11.00
# Visual Studio 2010
Project("{FAE04EC0-301F-11D3-BF4B-00C04F79EFBC}") = "Assembly-CSharp", "Assembly-CSharp.csproj", "{10c24a7e-fc1a-8720-4373-7119354c7f66}"
EndProject
Project("{FAE04EC0-301F-11D3-BF4B-00C04F79EFBC}") = "Assembly-CSharp-firstpass", "Assembly-CSharp-firstpass.csproj", "{6bbbb057-bb28-61aa-958d-49f2f89cd16c}"
EndProject
Global
	GlobalSection(SolutionConfigurationPlatforms) = preSolution
		Debug|Any CPU = Debug|Any CPU
	EndGlobalSection
	GlobalSection(ProjectConfigurationPlatforms) = postSolution
		{10c24a7e-fc1a-8720-4373-7119354c7f66}.Debug|Any CPU.ActiveCfg = Debug|Any CPU
		{10c24a7e-fc1a-8720-4373-7119354c7f66}.Debug|Any CPU.Build.0 = Debug|Any CPU
		{6bbbb057-bb28-61aa-958d-49f2f89cd16c}.Debug|Any CPU.ActiveCfg = Debug|Any CPU
		{6bbbb057-bb28-61aa-958d-49f2f89cd16c}.Debug|Any CPU.Build.0 = Debug|Any CPU
	EndGlobalSection
	GlobalSection(SolutionProperties) = preSolution
		HideSolutionNode = FALSE
	EndGlobalSection
EndGlobal
